
Microsoft Visual Studio Solution File, Format Version 12.00
# Visual Studio Version 17
VisualStudioVersion = 17.3.32819.101
MinimumVisualStudioVersion = 10.0.40219.1
Project("{FAE04EC0-301F-11D3-BF4B-00C04F79EFBC}") = "PersonsInfo", "PersonsInfo\PersonsInfo.csproj", "{B773C5BB-A99C-486E-88B4-BFF0F109D524}"
EndProject
Global
	GlobalSection(SolutionConfigurationPlatforms) = preSolution
		Debug|Any CPU = Debug|Any CPU
		Release|Any CPU = Release|Any CPU
	EndGlobalSection
	GlobalSection(ProjectConfigurationPlatforms) = postSolution
		{B773C5BB-A99C-486E-88B4-BFF0F109D524}.Debug|Any CPU.ActiveCfg = Debug|Any CPU
		{B773C5BB-A99C-486E-88B4-BFF0F109D524}.Debug|Any CPU.Build.0 = Debug|Any CPU
		{B773C5BB-A99C-486E-88B4-BFF0F109D524}.Release|Any CPU.ActiveCfg = Release|Any CPU
		{B773C5BB-A99C-486E-88B4-BFF0F109D524}.Release|Any CPU.Build.0 = Release|Any CPU
	EndGlobalSection
	GlobalSection(SolutionProperties) = preSolution
		HideSolutionNode = FALSE
	EndGlobalSection
	GlobalSection(ExtensibilityGlobals) = postSolution
		SolutionGuid = {350CC1BE-E915-4919-ABC1-50CEF1F67F29}
	EndGlobalSection
EndGlobal
