
Microsoft Visual Studio Solution File, Format Version 12.00
# Visual Studio Version 17
VisualStudioVersion = 17.3.32819.101
MinimumVisualStudioVersion = 10.0.40219.1
Project("{FAE04EC0-301F-11D3-BF4B-00C04F79EFBC}") = "Shapes", "Shapes\Shapes.csproj", "{05325E55-ABCB-4D97-9B71-0188EC9AC4F2}"
EndProject
Global
	GlobalSection(SolutionConfigurationPlatforms) = preSolution
		Debug|Any CPU = Debug|Any CPU
		Release|Any CPU = Release|Any CPU
	EndGlobalSection
	GlobalSection(ProjectConfigurationPlatforms) = postSolution
		{05325E55-ABCB-4D97-9B71-0188EC9AC4F2}.Debug|Any CPU.ActiveCfg = Debug|Any CPU
		{05325E55-ABCB-4D97-9B71-0188EC9AC4F2}.Debug|Any CPU.Build.0 = Debug|Any CPU
		{05325E55-ABCB-4D97-9B71-0188EC9AC4F2}.Release|Any CPU.ActiveCfg = Release|Any CPU
		{05325E55-ABCB-4D97-9B71-0188EC9AC4F2}.Release|Any CPU.Build.0 = Release|Any CPU
	EndGlobalSection
	GlobalSection(SolutionProperties) = preSolution
		HideSolutionNode = FALSE
	EndGlobalSection
	GlobalSection(ExtensibilityGlobals) = postSolution
		SolutionGuid = {9F67E11C-014E-49EF-8477-652C5028D369}
	EndGlobalSection
EndGlobal
