
Microsoft Visual Studio Solution File, Format Version 12.00
# Visual Studio Version 17
VisualStudioVersion = 17.3.32819.101
MinimumVisualStudioVersion = 10.0.40219.1
Project("{FAE04EC0-301F-11D3-BF4B-00C04F79EFBC}") = "CustomStack", "CustomStack\CustomStack.csproj", "{566C5505-6A3B-4BA4-A9E1-F41311857766}"
EndProject
Global
	GlobalSection(SolutionConfigurationPlatforms) = preSolution
		Debug|Any CPU = Debug|Any CPU
		Release|Any CPU = Release|Any CPU
	EndGlobalSection
	GlobalSection(ProjectConfigurationPlatforms) = postSolution
		{566C5505-6A3B-4BA4-A9E1-F41311857766}.Debug|Any CPU.ActiveCfg = Debug|Any CPU
		{566C5505-6A3B-4BA4-A9E1-F41311857766}.Debug|Any CPU.Build.0 = Debug|Any CPU
		{566C5505-6A3B-4BA4-A9E1-F41311857766}.Release|Any CPU.ActiveCfg = Release|Any CPU
		{566C5505-6A3B-4BA4-A9E1-F41311857766}.Release|Any CPU.Build.0 = Release|Any CPU
	EndGlobalSection
	GlobalSection(SolutionProperties) = preSolution
		HideSolutionNode = FALSE
	EndGlobalSection
	GlobalSection(ExtensibilityGlobals) = postSolution
		SolutionGuid = {1139CB80-14F4-4A45-8273-67CA80A618EB}
	EndGlobalSection
EndGlobal
