
Microsoft Visual Studio Solution File, Format Version 12.00
# Visual Studio Version 17
VisualStudioVersion = 17.3.32819.101
MinimumVisualStudioVersion = 10.0.40219.1
Project("{FAE04EC0-301F-11D3-BF4B-00C04F79EFBC}") = "Cards", "Cards\Cards.csproj", "{3ADFC107-B754-4E07-869E-CB5480D862BC}"
EndProject
Global
	GlobalSection(SolutionConfigurationPlatforms) = preSolution
		Debug|Any CPU = Debug|Any CPU
		Release|Any CPU = Release|Any CPU
	EndGlobalSection
	GlobalSection(ProjectConfigurationPlatforms) = postSolution
		{3ADFC107-B754-4E07-869E-CB5480D862BC}.Debug|Any CPU.ActiveCfg = Debug|Any CPU
		{3ADFC107-B754-4E07-869E-CB5480D862BC}.Debug|Any CPU.Build.0 = Debug|Any CPU
		{3ADFC107-B754-4E07-869E-CB5480D862BC}.Release|Any CPU.ActiveCfg = Release|Any CPU
		{3ADFC107-B754-4E07-869E-CB5480D862BC}.Release|Any CPU.Build.0 = Release|Any CPU
	EndGlobalSection
	GlobalSection(SolutionProperties) = preSolution
		HideSolutionNode = FALSE
	EndGlobalSection
	GlobalSection(ExtensibilityGlobals) = postSolution
		SolutionGuid = {1E5119DA-AC20-40AE-96ED-8AFB090A1704}
	EndGlobalSection
EndGlobal
