
Microsoft Visual Studio Solution File, Format Version 12.00
# Visual Studio Version 17
VisualStudioVersion = 17.3.32819.101
MinimumVisualStudioVersion = 10.0.40219.1
Project("{FAE04EC0-301F-11D3-BF4B-00C04F79EFBC}") = "PersonsInfo", "PersonsInfo\PersonsInfo.csproj", "{295285B2-D717-4C36-8CA2-6FF6F23E8C59}"
EndProject
Global
	GlobalSection(SolutionConfigurationPlatforms) = preSolution
		Debug|Any CPU = Debug|Any CPU
		Release|Any CPU = Release|Any CPU
	EndGlobalSection
	GlobalSection(ProjectConfigurationPlatforms) = postSolution
		{295285B2-D717-4C36-8CA2-6FF6F23E8C59}.Debug|Any CPU.ActiveCfg = Debug|Any CPU
		{295285B2-D717-4C36-8CA2-6FF6F23E8C59}.Debug|Any CPU.Build.0 = Debug|Any CPU
		{295285B2-D717-4C36-8CA2-6FF6F23E8C59}.Release|Any CPU.ActiveCfg = Release|Any CPU
		{295285B2-D717-4C36-8CA2-6FF6F23E8C59}.Release|Any CPU.Build.0 = Release|Any CPU
	EndGlobalSection
	GlobalSection(SolutionProperties) = preSolution
		HideSolutionNode = FALSE
	EndGlobalSection
	GlobalSection(ExtensibilityGlobals) = postSolution
		SolutionGuid = {FF458CA6-56C0-431F-9B84-7E65C0B27368}
	EndGlobalSection
EndGlobal
