
Microsoft Visual Studio Solution File, Format Version 12.00
# Visual Studio Version 17
VisualStudioVersion = 17.3.32819.101
MinimumVisualStudioVersion = 10.0.40219.1
Project("{9A19103F-16F7-4668-BE54-9A1E7A4F7556}") = "PlayersAndMonsters", "PlayersAndMonsters.csproj", "{A4D750D3-B83A-4F99-9A71-9C9A59E9ACF4}"
EndProject
Global
	GlobalSection(SolutionConfigurationPlatforms) = preSolution
		Debug|Any CPU = Debug|Any CPU
		Release|Any CPU = Release|Any CPU
	EndGlobalSection
	GlobalSection(ProjectConfigurationPlatforms) = postSolution
		{A4D750D3-B83A-4F99-9A71-9C9A59E9ACF4}.Debug|Any CPU.ActiveCfg = Debug|Any CPU
		{A4D750D3-B83A-4F99-9A71-9C9A59E9ACF4}.Debug|Any CPU.Build.0 = Debug|Any CPU
		{A4D750D3-B83A-4F99-9A71-9C9A59E9ACF4}.Release|Any CPU.ActiveCfg = Release|Any CPU
		{A4D750D3-B83A-4F99-9A71-9C9A59E9ACF4}.Release|Any CPU.Build.0 = Release|Any CPU
	EndGlobalSection
	GlobalSection(SolutionProperties) = preSolution
		HideSolutionNode = FALSE
	EndGlobalSection
	GlobalSection(ExtensibilityGlobals) = postSolution
		SolutionGuid = {3BADF285-5058-4361-A517-A0FA5DC37239}
	EndGlobalSection
EndGlobal
