
Microsoft Visual Studio Solution File, Format Version 12.00
# Visual Studio Version 17
VisualStudioVersion = 17.3.32819.101
MinimumVisualStudioVersion = 10.0.40219.1
Project("{FAE04EC0-301F-11D3-BF4B-00C04F79EFBC}") = "Farm", "Farm\Farm.csproj", "{3B99A548-3976-46A7-B111-1678A33256D0}"
EndProject
Global
	GlobalSection(SolutionConfigurationPlatforms) = preSolution
		Debug|Any CPU = Debug|Any CPU
		Release|Any CPU = Release|Any CPU
	EndGlobalSection
	GlobalSection(ProjectConfigurationPlatforms) = postSolution
		{3B99A548-3976-46A7-B111-1678A33256D0}.Debug|Any CPU.ActiveCfg = Debug|Any CPU
		{3B99A548-3976-46A7-B111-1678A33256D0}.Debug|Any CPU.Build.0 = Debug|Any CPU
		{3B99A548-3976-46A7-B111-1678A33256D0}.Release|Any CPU.ActiveCfg = Release|Any CPU
		{3B99A548-3976-46A7-B111-1678A33256D0}.Release|Any CPU.Build.0 = Release|Any CPU
	EndGlobalSection
	GlobalSection(SolutionProperties) = preSolution
		HideSolutionNode = FALSE
	EndGlobalSection
	GlobalSection(ExtensibilityGlobals) = postSolution
		SolutionGuid = {7EA58335-79E5-4061-B581-C3F56BC8F44D}
	EndGlobalSection
EndGlobal
