
Microsoft Visual Studio Solution File, Format Version 12.00
# Visual Studio Version 17
VisualStudioVersion = 17.3.32819.101
MinimumVisualStudioVersion = 10.0.40219.1
Project("{9A19103F-16F7-4668-BE54-9A1E7A4F7556}") = "01.Vehicles", "01.Vehicles.csproj", "{D850C1B9-67D1-4634-8F22-08C812F7FF8F}"
EndProject
Global
	GlobalSection(SolutionConfigurationPlatforms) = preSolution
		Debug|Any CPU = Debug|Any CPU
		Release|Any CPU = Release|Any CPU
	EndGlobalSection
	GlobalSection(ProjectConfigurationPlatforms) = postSolution
		{D850C1B9-67D1-4634-8F22-08C812F7FF8F}.Debug|Any CPU.ActiveCfg = Debug|Any CPU
		{D850C1B9-67D1-4634-8F22-08C812F7FF8F}.Debug|Any CPU.Build.0 = Debug|Any CPU
		{D850C1B9-67D1-4634-8F22-08C812F7FF8F}.Release|Any CPU.ActiveCfg = Release|Any CPU
		{D850C1B9-67D1-4634-8F22-08C812F7FF8F}.Release|Any CPU.Build.0 = Release|Any CPU
	EndGlobalSection
	GlobalSection(SolutionProperties) = preSolution
		HideSolutionNode = FALSE
	EndGlobalSection
	GlobalSection(ExtensibilityGlobals) = postSolution
		SolutionGuid = {2D975F13-2A85-4C76-855D-D66482BC2F30}
	EndGlobalSection
EndGlobal
