
Microsoft Visual Studio Solution File, Format Version 12.00
# Visual Studio Version 17
VisualStudioVersion = 17.3.32819.101
MinimumVisualStudioVersion = 10.0.40219.1
Project("{FAE04EC0-301F-11D3-BF4B-00C04F79EFBC}") = "Operations", "Operations\Operations.csproj", "{8F5269FA-9035-447E-9F27-4DE611C98FFF}"
EndProject
Global
	GlobalSection(SolutionConfigurationPlatforms) = preSolution
		Debug|Any CPU = Debug|Any CPU
		Release|Any CPU = Release|Any CPU
	EndGlobalSection
	GlobalSection(ProjectConfigurationPlatforms) = postSolution
		{8F5269FA-9035-447E-9F27-4DE611C98FFF}.Debug|Any CPU.ActiveCfg = Debug|Any CPU
		{8F5269FA-9035-447E-9F27-4DE611C98FFF}.Debug|Any CPU.Build.0 = Debug|Any CPU
		{8F5269FA-9035-447E-9F27-4DE611C98FFF}.Release|Any CPU.ActiveCfg = Release|Any CPU
		{8F5269FA-9035-447E-9F27-4DE611C98FFF}.Release|Any CPU.Build.0 = Release|Any CPU
	EndGlobalSection
	GlobalSection(SolutionProperties) = preSolution
		HideSolutionNode = FALSE
	EndGlobalSection
	GlobalSection(ExtensibilityGlobals) = postSolution
		SolutionGuid = {C907F110-CC00-439D-9393-4A9B0A993813}
	EndGlobalSection
EndGlobal
