
Microsoft Visual Studio Solution File, Format Version 12.00
# Visual Studio Version 17
VisualStudioVersion = 17.3.32819.101
MinimumVisualStudioVersion = 10.0.40219.1
Project("{FAE04EC0-301F-11D3-BF4B-00C04F79EFBC}") = "PersonInfo", "PersonInfo\PersonInfo.csproj", "{16181F34-57B2-4589-9CD8-00EB9649AAFF}"
EndProject
Global
	GlobalSection(SolutionConfigurationPlatforms) = preSolution
		Debug|Any CPU = Debug|Any CPU
		Release|Any CPU = Release|Any CPU
	EndGlobalSection
	GlobalSection(ProjectConfigurationPlatforms) = postSolution
		{16181F34-57B2-4589-9CD8-00EB9649AAFF}.Debug|Any CPU.ActiveCfg = Debug|Any CPU
		{16181F34-57B2-4589-9CD8-00EB9649AAFF}.Debug|Any CPU.Build.0 = Debug|Any CPU
		{16181F34-57B2-4589-9CD8-00EB9649AAFF}.Release|Any CPU.ActiveCfg = Release|Any CPU
		{16181F34-57B2-4589-9CD8-00EB9649AAFF}.Release|Any CPU.Build.0 = Release|Any CPU
	EndGlobalSection
	GlobalSection(SolutionProperties) = preSolution
		HideSolutionNode = FALSE
	EndGlobalSection
	GlobalSection(ExtensibilityGlobals) = postSolution
		SolutionGuid = {A155A334-8738-4EF3-B706-0074F2A9234D}
	EndGlobalSection
EndGlobal
