
Microsoft Visual Studio Solution File, Format Version 12.00
# Visual Studio Version 17
VisualStudioVersion = 17.3.32819.101
MinimumVisualStudioVersion = 10.0.40219.1
Project("{FAE04EC0-301F-11D3-BF4B-00C04F79EFBC}") = "PlayCatch", "PlayCatch\PlayCatch.csproj", "{060D335D-7E6C-4257-8359-F8B208A72AFA}"
EndProject
Global
	GlobalSection(SolutionConfigurationPlatforms) = preSolution
		Debug|Any CPU = Debug|Any CPU
		Release|Any CPU = Release|Any CPU
	EndGlobalSection
	GlobalSection(ProjectConfigurationPlatforms) = postSolution
		{060D335D-7E6C-4257-8359-F8B208A72AFA}.Debug|Any CPU.ActiveCfg = Debug|Any CPU
		{060D335D-7E6C-4257-8359-F8B208A72AFA}.Debug|Any CPU.Build.0 = Debug|Any CPU
		{060D335D-7E6C-4257-8359-F8B208A72AFA}.Release|Any CPU.ActiveCfg = Release|Any CPU
		{060D335D-7E6C-4257-8359-F8B208A72AFA}.Release|Any CPU.Build.0 = Release|Any CPU
	EndGlobalSection
	GlobalSection(SolutionProperties) = preSolution
		HideSolutionNode = FALSE
	EndGlobalSection
	GlobalSection(ExtensibilityGlobals) = postSolution
		SolutionGuid = {5058D820-472A-44D6-9664-1E5FA06BEBEA}
	EndGlobalSection
EndGlobal
